
Microsoft Visual Studio Solution File, Format Version 12.00
# Visual Studio Version 17
VisualStudioVersion = 17.5.002.0
MinimumVisualStudioVersion = 10.0.40219.1
Project("{2150E333-8FDC-42A3-9474-1A3956D46DE8}") = "backend", "backend", "{4C073A18-92F3-4D0E-9FEB-BF5405D34DC5}"
EndProject
Project("{9A19103F-16F7-4668-BE54-9A1E7A4F7556}") = "Api", "backend\Api\Api.csproj", "{6EFC04F0-D44E-488A-A1ED-DAF9F61B949F}"
EndProject
Global
	GlobalSection(SolutionConfigurationPlatforms) = preSolution
		Debug|Any CPU = Debug|Any CPU
		Release|Any CPU = Release|Any CPU
	EndGlobalSection
	GlobalSection(ProjectConfigurationPlatforms) = postSolution
		{6EFC04F0-D44E-488A-A1ED-DAF9F61B949F}.Debug|Any CPU.ActiveCfg = Debug|Any CPU
		{6EFC04F0-D44E-488A-A1ED-DAF9F61B949F}.Debug|Any CPU.Build.0 = Debug|Any CPU
		{6EFC04F0-D44E-488A-A1ED-DAF9F61B949F}.Release|Any CPU.ActiveCfg = Release|Any CPU
		{6EFC04F0-D44E-488A-A1ED-DAF9F61B949F}.Release|Any CPU.Build.0 = Release|Any CPU
	EndGlobalSection
	GlobalSection(SolutionProperties) = preSolution
		HideSolutionNode = FALSE
	EndGlobalSection
	GlobalSection(NestedProjects) = preSolution
		{6EFC04F0-D44E-488A-A1ED-DAF9F61B949F} = {4C073A18-92F3-4D0E-9FEB-BF5405D34DC5}
	EndGlobalSection
	GlobalSection(ExtensibilityGlobals) = postSolution
		SolutionGuid = {34AD0B73-07AB-4AC8-A963-FBD72B8C1A8B}
	EndGlobalSection
EndGlobal
